
Microsoft Visual Studio Solution File, Format Version 12.00
# Visual Studio Version 17
VisualStudioVersion = 17.0.32112.339
MinimumVisualStudioVersion = 10.0.40219.1
Project("{9A19103F-16F7-4668-BE54-9A1E7A4F7556}") = "Api", "Api\Api.csproj", "{2E663E43-90E8-4D5C-ACBE-C9C765C5B049}"
EndProject
Project("{9A19103F-16F7-4668-BE54-9A1E7A4F7556}") = "Tests", "Tests\Tests.csproj", "{2777DB36-C9E5-4158-9436-1B912DEC7E6A}"
EndProject
Project("{2150E333-8FDC-42A3-9474-1A3956D46DE8}") = "Solution Items", "Solution Items", "{352A6102-7FE5-4766-AE96-067045BF20B8}"
	ProjectSection(SolutionItems) = preProject
		build.cake = build.cake
		.config\dotnet-tools.json = .config\dotnet-tools.json
	EndProjectSection
EndProject
Global
	GlobalSection(SolutionConfigurationPlatforms) = preSolution
		Debug|Any CPU = Debug|Any CPU
		Release|Any CPU = Release|Any CPU
	EndGlobalSection
	GlobalSection(ProjectConfigurationPlatforms) = postSolution
		{2E663E43-90E8-4D5C-ACBE-C9C765C5B049}.Debug|Any CPU.ActiveCfg = Debug|Any CPU
		{2E663E43-90E8-4D5C-ACBE-C9C765C5B049}.Debug|Any CPU.Build.0 = Debug|Any CPU
		{2E663E43-90E8-4D5C-ACBE-C9C765C5B049}.Release|Any CPU.ActiveCfg = Release|Any CPU
		{2E663E43-90E8-4D5C-ACBE-C9C765C5B049}.Release|Any CPU.Build.0 = Release|Any CPU
		{2777DB36-C9E5-4158-9436-1B912DEC7E6A}.Debug|Any CPU.ActiveCfg = Debug|Any CPU
		{2777DB36-C9E5-4158-9436-1B912DEC7E6A}.Debug|Any CPU.Build.0 = Debug|Any CPU
		{2777DB36-C9E5-4158-9436-1B912DEC7E6A}.Release|Any CPU.ActiveCfg = Release|Any CPU
		{2777DB36-C9E5-4158-9436-1B912DEC7E6A}.Release|Any CPU.Build.0 = Release|Any CPU
	EndGlobalSection
	GlobalSection(SolutionProperties) = preSolution
		HideSolutionNode = FALSE
	EndGlobalSection
	GlobalSection(ExtensibilityGlobals) = postSolution
		SolutionGuid = {CFA8F064-4E41-4BB3-8B9D-1C676DD5DA33}
	EndGlobalSection
EndGlobal
